// !$*UTF8*$!
{
	archiveVersion = 1;
	classes = {
	};
	objectVersion = 46;
	objects = {

/* Begin PBXBuildFile section */
		7350EEBB1EB8111200321AF7 /* main.m in Sources */ = {isa = PBXBuildFile; fileRef = 7350EEBA1EB8111200321AF7 /* main.m */; };
		7350EEBE1EB8111200321AF7 /* AppDelegate.m in Sources */ = {isa = PBXBuildFile; fileRef = 7350EEBD1EB8111200321AF7 /* AppDelegate.m */; };
		7350EEC61EB8111200321AF7 /* Assets.xcassets in Resources */ = {isa = PBXBuildFile; fileRef = 7350EEC51EB8111200321AF7 /* Assets.xcassets */; };
		7350EEC91EB8111200321AF7 /* LaunchScreen.storyboard in Resources */ = {isa = PBXBuildFile; fileRef = 7350EEC71EB8111200321AF7 /* LaunchScreen.storyboard */; };
		7350EED41EB8111200321AF7 /* SelectedImageDemoTests.m in Sources */ = {isa = PBXBuildFile; fileRef = 7350EED31EB8111200321AF7 /* SelectedImageDemoTests.m */; };
		7350EEDF1EB8111200321AF7 /* SelectedImageDemoUITests.m in Sources */ = {isa = PBXBuildFile; fileRef = 7350EEDE1EB8111200321AF7 /* SelectedImageDemoUITests.m */; };
		7350EF091EB8114800321AF7 /* NSBundle+TZImagePicker.m in Sources */ = {isa = PBXBuildFile; fileRef = 7350EEEE1EB8114800321AF7 /* NSBundle+TZImagePicker.m */; };
		7350EF0A1EB8114800321AF7 /* TZAssetCell.m in Sources */ = {isa = PBXBuildFile; fileRef = 7350EEF01EB8114800321AF7 /* TZAssetCell.m */; };
		7350EF0B1EB8114800321AF7 /* TZAssetModel.m in Sources */ = {isa = PBXBuildFile; fileRef = 7350EEF21EB8114800321AF7 /* TZAssetModel.m */; };
		7350EF0C1EB8114800321AF7 /* TZGifPhotoPreviewController.m in Sources */ = {isa = PBXBuildFile; fileRef = 7350EEF41EB8114800321AF7 /* TZGifPhotoPreviewController.m */; };
		7350EF0D1EB8114800321AF7 /* TZImageCropManager.m in Sources */ = {isa = PBXBuildFile; fileRef = 7350EEF61EB8114800321AF7 /* TZImageCropManager.m */; };
		7350EF0E1EB8114800321AF7 /* TZImageManager.m in Sources */ = {isa = PBXBuildFile; fileRef = 7350EEF81EB8114800321AF7 /* TZImageManager.m */; };
		7350EF0F1EB8114800321AF7 /* TZImagePickerController.bundle in Resources */ = {isa = PBXBuildFile; fileRef = 7350EEF91EB8114800321AF7 /* TZImagePickerController.bundle */; };
		7350EF101EB8114800321AF7 /* TZImagePickerController.m in Sources */ = {isa = PBXBuildFile; fileRef = 7350EEFB1EB8114800321AF7 /* TZImagePickerController.m */; };
		7350EF111EB8114800321AF7 /* TZPhotoPickerController.m in Sources */ = {isa = PBXBuildFile; fileRef = 7350EEFD1EB8114800321AF7 /* TZPhotoPickerController.m */; };
		7350EF121EB8114800321AF7 /* TZPhotoPreviewCell.m in Sources */ = {isa = PBXBuildFile; fileRef = 7350EEFF1EB8114800321AF7 /* TZPhotoPreviewCell.m */; };
		7350EF131EB8114800321AF7 /* TZPhotoPreviewController.m in Sources */ = {isa = PBXBuildFile; fileRef = 7350EF011EB8114800321AF7 /* TZPhotoPreviewController.m */; };
		7350EF141EB8114800321AF7 /* TZProgressView.m in Sources */ = {isa = PBXBuildFile; fileRef = 7350EF031EB8114800321AF7 /* TZProgressView.m */; };
		7350EF151EB8114800321AF7 /* TZVideoPlayerController.m in Sources */ = {isa = PBXBuildFile; fileRef = 7350EF051EB8114800321AF7 /* TZVideoPlayerController.m */; };
		7350EF161EB8114800321AF7 /* UIView+Layout.m in Sources */ = {isa = PBXBuildFile; fileRef = 7350EF071EB8114800321AF7 /* UIView+Layout.m */; };
		7350EF1A1EB8118E00321AF7 /* IndexViewController.m in Sources */ = {isa = PBXBuildFile; fileRef = 7350EF181EB8118E00321AF7 /* IndexViewController.m */; };
		7350EF1B1EB8118E00321AF7 /* IndexViewController.xib in Resources */ = {isa = PBXBuildFile; fileRef = 7350EF191EB8118E00321AF7 /* IndexViewController.xib */; };
/* End PBXBuildFile section */

/* Begin PBXContainerItemProxy section */
		7350EED01EB8111200321AF7 /* PBXContainerItemProxy */ = {
			isa = PBXContainerItemProxy;
			containerPortal = 7350EEAE1EB8111200321AF7 /* Project object */;
			proxyType = 1;
			remoteGlobalIDString = 7350EEB51EB8111200321AF7;
			remoteInfo = SelectedImageDemo;
		};
		7350EEDB1EB8111200321AF7 /* PBXContainerItemProxy */ = {
			isa = PBXContainerItemProxy;
			containerPortal = 7350EEAE1EB8111200321AF7 /* Project object */;
			proxyType = 1;
			remoteGlobalIDString = 7350EEB51EB8111200321AF7;
			remoteInfo = SelectedImageDemo;
		};
/* End PBXContainerItemProxy section */

/* Begin PBXFileReference section */
		7350EEB61EB8111200321AF7 /* SelectedImageDemo.app */ = {isa = PBXFileReference; explicitFileType = wrapper.application; includeInIndex = 0; path = SelectedImageDemo.app; sourceTree = BUILT_PRODUCTS_DIR; };
		7350EEBA1EB8111200321AF7 /* main.m */ = {isa = PBXFileReference; lastKnownFileType = sourcecode.c.objc; path = main.m; sourceTree = "<group>"; };
		7350EEBC1EB8111200321AF7 /* AppDelegate.h */ = {isa = PBXFileReference; lastKnownFileType = sourcecode.c.h; path = AppDelegate.h; sourceTree = "<group>"; };
		7350EEBD1EB8111200321AF7 /* AppDelegate.m */ = {isa = PBXFileReference; lastKnownFileType = sourcecode.c.objc; path = AppDelegate.m; sourceTree = "<group>"; };
		7350EEC51EB8111200321AF7 /* Assets.xcassets */ = {isa = PBXFileReference; lastKnownFileType = folder.assetcatalog; path = Assets.xcassets; sourceTree = "<group>"; };
		7350EEC81EB8111200321AF7 /* Base */ = {isa = PBXFileReference; lastKnownFileType = file.storyboard; name = Base; path = Base.lproj/LaunchScreen.storyboard; sourceTree = "<group>"; };
		7350EECA1EB8111200321AF7 /* Info.plist */ = {isa = PBXFileReference; lastKnownFileType = text.plist.xml; path = Info.plist; sourceTree = "<group>"; };
		7350EECF1EB8111200321AF7 /* SelectedImageDemoTests.xctest */ = {isa = PBXFileReference; explicitFileType = wrapper.cfbundle; includeInIndex = 0; path = SelectedImageDemoTests.xctest; sourceTree = BUILT_PRODUCTS_DIR; };
		7350EED31EB8111200321AF7 /* SelectedImageDemoTests.m */ = {isa = PBXFileReference; lastKnownFileType = sourcecode.c.objc; path = SelectedImageDemoTests.m; sourceTree = "<group>"; };
		7350EED51EB8111200321AF7 /* Info.plist */ = {isa = PBXFileReference; lastKnownFileType = text.plist.xml; path = Info.plist; sourceTree = "<group>"; };
		7350EEDA1EB8111200321AF7 /* SelectedImageDemoUITests.xctest */ = {isa = PBXFileReference; explicitFileType = wrapper.cfbundle; includeInIndex = 0; path = SelectedImageDemoUITests.xctest; sourceTree = BUILT_PRODUCTS_DIR; };
		7350EEDE1EB8111200321AF7 /* SelectedImageDemoUITests.m */ = {isa = PBXFileReference; lastKnownFileType = sourcecode.c.objc; path = SelectedImageDemoUITests.m; sourceTree = "<group>"; };
		7350EEE01EB8111200321AF7 /* Info.plist */ = {isa = PBXFileReference; lastKnownFileType = text.plist.xml; path = Info.plist; sourceTree = "<group>"; };
		7350EEED1EB8114800321AF7 /* NSBundle+TZImagePicker.h */ = {isa = PBXFileReference; fileEncoding = 4; lastKnownFileType = sourcecode.c.h; path = "NSBundle+TZImagePicker.h"; sourceTree = "<group>"; };
		7350EEEE1EB8114800321AF7 /* NSBundle+TZImagePicker.m */ = {isa = PBXFileReference; fileEncoding = 4; lastKnownFileType = sourcecode.c.objc; path = "NSBundle+TZImagePicker.m"; sourceTree = "<group>"; };
		7350EEEF1EB8114800321AF7 /* TZAssetCell.h */ = {isa = PBXFileReference; fileEncoding = 4; lastKnownFileType = sourcecode.c.h; path = TZAssetCell.h; sourceTree = "<group>"; };
		7350EEF01EB8114800321AF7 /* TZAssetCell.m */ = {isa = PBXFileReference; fileEncoding = 4; lastKnownFileType = sourcecode.c.objc; path = TZAssetCell.m; sourceTree = "<group>"; };
		7350EEF11EB8114800321AF7 /* TZAssetModel.h */ = {isa = PBXFileReference; fileEncoding = 4; lastKnownFileType = sourcecode.c.h; path = TZAssetModel.h; sourceTree = "<group>"; };
		7350EEF21EB8114800321AF7 /* TZAssetModel.m */ = {isa = PBXFileReference; fileEncoding = 4; lastKnownFileType = sourcecode.c.objc; path = TZAssetModel.m; sourceTree = "<group>"; };
		7350EEF31EB8114800321AF7 /* TZGifPhotoPreviewController.h */ = {isa = PBXFileReference; fileEncoding = 4; lastKnownFileType = sourcecode.c.h; path = TZGifPhotoPreviewController.h; sourceTree = "<group>"; };
		7350EEF41EB8114800321AF7 /* TZGifPhotoPreviewController.m */ = {isa = PBXFileReference; fileEncoding = 4; lastKnownFileType = sourcecode.c.objc; path = TZGifPhotoPreviewController.m; sourceTree = "<group>"; };
		7350EEF51EB8114800321AF7 /* TZImageCropManager.h */ = {isa = PBXFileReference; fileEncoding = 4; lastKnownFileType = sourcecode.c.h; path = TZImageCropManager.h; sourceTree = "<group>"; };
		7350EEF61EB8114800321AF7 /* TZImageCropManager.m */ = {isa = PBXFileReference; fileEncoding = 4; lastKnownFileType = sourcecode.c.objc; path = TZImageCropManager.m; sourceTree = "<group>"; };
		7350EEF71EB8114800321AF7 /* TZImageManager.h */ = {isa = PBXFileReference; fileEncoding = 4; lastKnownFileType = sourcecode.c.h; path = TZImageManager.h; sourceTree = "<group>"; };
		7350EEF81EB8114800321AF7 /* TZImageManager.m */ = {isa = PBXFileReference; fileEncoding = 4; lastKnownFileType = sourcecode.c.objc; path = TZImageManager.m; sourceTree = "<group>"; };
		7350EEF91EB8114800321AF7 /* TZImagePickerController.bundle */ = {isa = PBXFileReference; lastKnownFileType = "wrapper.plug-in"; path = TZImagePickerController.bundle; sourceTree = "<group>"; };
		7350EEFA1EB8114800321AF7 /* TZImagePickerController.h */ = {isa = PBXFileReference; fileEncoding = 4; lastKnownFileType = sourcecode.c.h; path = TZImagePickerController.h; sourceTree = "<group>"; };
		7350EEFB1EB8114800321AF7 /* TZImagePickerController.m */ = {isa = PBXFileReference; fileEncoding = 4; lastKnownFileType = sourcecode.c.objc; path = TZImagePickerController.m; sourceTree = "<group>"; };
		7350EEFC1EB8114800321AF7 /* TZPhotoPickerController.h */ = {isa = PBXFileReference; fileEncoding = 4; lastKnownFileType = sourcecode.c.h; path = TZPhotoPickerController.h; sourceTree = "<group>"; };
		7350EEFD1EB8114800321AF7 /* TZPhotoPickerController.m */ = {isa = PBXFileReference; fileEncoding = 4; lastKnownFileType = sourcecode.c.objc; path = TZPhotoPickerController.m; sourceTree = "<group>"; };
		7350EEFE1EB8114800321AF7 /* TZPhotoPreviewCell.h */ = {isa = PBXFileReference; fileEncoding = 4; lastKnownFileType = sourcecode.c.h; path = TZPhotoPreviewCell.h; sourceTree = "<group>"; };
		7350EEFF1EB8114800321AF7 /* TZPhotoPreviewCell.m */ = {isa = PBXFileReference; fileEncoding = 4; lastKnownFileType = sourcecode.c.objc; path = TZPhotoPreviewCell.m; sourceTree = "<group>"; };
		7350EF001EB8114800321AF7 /* TZPhotoPreviewController.h */ = {isa = PBXFileReference; fileEncoding = 4; lastKnownFileType = sourcecode.c.h; path = TZPhotoPreviewController.h; sourceTree = "<group>"; };
		7350EF011EB8114800321AF7 /* TZPhotoPreviewController.m */ = {isa = PBXFileReference; fileEncoding = 4; lastKnownFileType = sourcecode.c.objc; path = TZPhotoPreviewController.m; sourceTree = "<group>"; };
		7350EF021EB8114800321AF7 /* TZProgressView.h */ = {isa = PBXFileReference; fileEncoding = 4; lastKnownFileType = sourcecode.c.h; path = TZProgressView.h; sourceTree = "<group>"; };
		7350EF031EB8114800321AF7 /* TZProgressView.m */ = {isa = PBXFileReference; fileEncoding = 4; lastKnownFileType = sourcecode.c.objc; path = TZProgressView.m; sourceTree = "<group>"; };
		7350EF041EB8114800321AF7 /* TZVideoPlayerController.h */ = {isa = PBXFileReference; fileEncoding = 4; lastKnownFileType = sourcecode.c.h; path = TZVideoPlayerController.h; sourceTree = "<group>"; };
		7350EF051EB8114800321AF7 /* TZVideoPlayerController.m */ = {isa = PBXFileReference; fileEncoding = 4; lastKnownFileType = sourcecode.c.objc; path = TZVideoPlayerController.m; sourceTree = "<group>"; };
		7350EF061EB8114800321AF7 /* UIView+Layout.h */ = {isa = PBXFileReference; fileEncoding = 4; lastKnownFileType = sourcecode.c.h; path = "UIView+Layout.h"; sourceTree = "<group>"; };
		7350EF071EB8114800321AF7 /* UIView+Layout.m */ = {isa = PBXFileReference; fileEncoding = 4; lastKnownFileType = sourcecode.c.objc; path = "UIView+Layout.m"; sourceTree = "<group>"; };
		7350EF081EB8114800321AF7 /* Util.h */ = {isa = PBXFileReference; fileEncoding = 4; lastKnownFileType = sourcecode.c.h; path = Util.h; sourceTree = "<group>"; };
		7350EF171EB8118E00321AF7 /* IndexViewController.h */ = {isa = PBXFileReference; fileEncoding = 4; lastKnownFileType = sourcecode.c.h; path = IndexViewController.h; sourceTree = "<group>"; };
		7350EF181EB8118E00321AF7 /* IndexViewController.m */ = {isa = PBXFileReference; fileEncoding = 4; lastKnownFileType = sourcecode.c.objc; path = IndexViewController.m; sourceTree = "<group>"; };
		7350EF191EB8118E00321AF7 /* IndexViewController.xib */ = {isa = PBXFileReference; fileEncoding = 4; lastKnownFileType = file.xib; path = IndexViewController.xib; sourceTree = "<group>"; };
/* End PBXFileReference section */

/* Begin PBXFrameworksBuildPhase section */
		7350EEB31EB8111200321AF7 /* Frameworks */ = {
			isa = PBXFrameworksBuildPhase;
			buildActionMask = 2147483647;
			files = (
			);
			runOnlyForDeploymentPostprocessing = 0;
		};
		7350EECC1EB8111200321AF7 /* Frameworks */ = {
			isa = PBXFrameworksBuildPhase;
			buildActionMask = 2147483647;
			files = (
			);
			runOnlyForDeploymentPostprocessing = 0;
		};
		7350EED71EB8111200321AF7 /* Frameworks */ = {
			isa = PBXFrameworksBuildPhase;
			buildActionMask = 2147483647;
			files = (
			);
			runOnlyForDeploymentPostprocessing = 0;
		};
/* End PBXFrameworksBuildPhase section */

/* Begin PBXGroup section */
		7350EEAD1EB8111200321AF7 = {
			isa = PBXGroup;
			children = (
				7350EEEC1EB8114800321AF7 /* TZImagePickerController */,
				7350EEB81EB8111200321AF7 /* SelectedImageDemo */,
				7350EED21EB8111200321AF7 /* SelectedImageDemoTests */,
				7350EEDD1EB8111200321AF7 /* SelectedImageDemoUITests */,
				7350EEB71EB8111200321AF7 /* Products */,
			);
			sourceTree = "<group>";
		};
		7350EEB71EB8111200321AF7 /* Products */ = {
			isa = PBXGroup;
			children = (
				7350EEB61EB8111200321AF7 /* SelectedImageDemo.app */,
				7350EECF1EB8111200321AF7 /* SelectedImageDemoTests.xctest */,
				7350EEDA1EB8111200321AF7 /* SelectedImageDemoUITests.xctest */,
			);
			name = Products;
			sourceTree = "<group>";
		};
		7350EEB81EB8111200321AF7 /* SelectedImageDemo */ = {
			isa = PBXGroup;
			children = (
				7350EEBC1EB8111200321AF7 /* AppDelegate.h */,
				7350EEBD1EB8111200321AF7 /* AppDelegate.m */,
				7350EEC51EB8111200321AF7 /* Assets.xcassets */,
				7350EEC71EB8111200321AF7 /* LaunchScreen.storyboard */,
				7350EECA1EB8111200321AF7 /* Info.plist */,
				7350EEB91EB8111200321AF7 /* Supporting Files */,
				7350EF171EB8118E00321AF7 /* IndexViewController.h */,
				7350EF181EB8118E00321AF7 /* IndexViewController.m */,
				7350EF191EB8118E00321AF7 /* IndexViewController.xib */,
			);
			path = SelectedImageDemo;
			sourceTree = "<group>";
		};
		7350EEB91EB8111200321AF7 /* Supporting Files */ = {
			isa = PBXGroup;
			children = (
				7350EEBA1EB8111200321AF7 /* main.m */,
			);
			name = "Supporting Files";
			sourceTree = "<group>";
		};
		7350EED21EB8111200321AF7 /* SelectedImageDemoTests */ = {
			isa = PBXGroup;
			children = (
				7350EED31EB8111200321AF7 /* SelectedImageDemoTests.m */,
				7350EED51EB8111200321AF7 /* Info.plist */,
			);
			path = SelectedImageDemoTests;
			sourceTree = "<group>";
		};
		7350EEDD1EB8111200321AF7 /* SelectedImageDemoUITests */ = {
			isa = PBXGroup;
			children = (
				7350EEDE1EB8111200321AF7 /* SelectedImageDemoUITests.m */,
				7350EEE01EB8111200321AF7 /* Info.plist */,
			);
			path = SelectedImageDemoUITests;
			sourceTree = "<group>";
		};
		7350EEEC1EB8114800321AF7 /* TZImagePickerController */ = {
			isa = PBXGroup;
			children = (
				7350EEED1EB8114800321AF7 /* NSBundle+TZImagePicker.h */,
				7350EEEE1EB8114800321AF7 /* NSBundle+TZImagePicker.m */,
				7350EEEF1EB8114800321AF7 /* TZAssetCell.h */,
				7350EEF01EB8114800321AF7 /* TZAssetCell.m */,
				7350EEF11EB8114800321AF7 /* TZAssetModel.h */,
				7350EEF21EB8114800321AF7 /* TZAssetModel.m */,
				7350EEF31EB8114800321AF7 /* TZGifPhotoPreviewController.h */,
				7350EEF41EB8114800321AF7 /* TZGifPhotoPreviewController.m */,
				7350EEF51EB8114800321AF7 /* TZImageCropManager.h */,
				7350EEF61EB8114800321AF7 /* TZImageCropManager.m */,
				7350EEF71EB8114800321AF7 /* TZImageManager.h */,
				7350EEF81EB8114800321AF7 /* TZImageManager.m */,
				7350EEF91EB8114800321AF7 /* TZImagePickerController.bundle */,
				7350EEFA1EB8114800321AF7 /* TZImagePickerController.h */,
				7350EEFB1EB8114800321AF7 /* TZImagePickerController.m */,
				7350EEFC1EB8114800321AF7 /* TZPhotoPickerController.h */,
				7350EEFD1EB8114800321AF7 /* TZPhotoPickerController.m */,
				7350EEFE1EB8114800321AF7 /* TZPhotoPreviewCell.h */,
				7350EEFF1EB8114800321AF7 /* TZPhotoPreviewCell.m */,
				7350EF001EB8114800321AF7 /* TZPhotoPreviewController.h */,
				7350EF011EB8114800321AF7 /* TZPhotoPreviewController.m */,
				7350EF021EB8114800321AF7 /* TZProgressView.h */,
				7350EF031EB8114800321AF7 /* TZProgressView.m */,
				7350EF041EB8114800321AF7 /* TZVideoPlayerController.h */,
				7350EF051EB8114800321AF7 /* TZVideoPlayerController.m */,
				7350EF061EB8114800321AF7 /* UIView+Layout.h */,
				7350EF071EB8114800321AF7 /* UIView+Layout.m */,
				7350EF081EB8114800321AF7 /* Util.h */,
			);
			name = TZImagePickerController;
			path = SelectedImageDemo/TZImagePickerController;
			sourceTree = "<group>";
		};
/* End PBXGroup section */

/* Begin PBXNativeTarget section */
		7350EEB51EB8111200321AF7 /* SelectedImageDemo */ = {
			isa = PBXNativeTarget;
			buildConfigurationList = 7350EEE31EB8111200321AF7 /* Build configuration list for PBXNativeTarget "SelectedImageDemo" */;
			buildPhases = (
				7350EEB21EB8111200321AF7 /* Sources */,
				7350EEB31EB8111200321AF7 /* Frameworks */,
				7350EEB41EB8111200321AF7 /* Resources */,
			);
			buildRules = (
			);
			dependencies = (
			);
			name = SelectedImageDemo;
			productName = SelectedImageDemo;
			productReference = 7350EEB61EB8111200321AF7 /* SelectedImageDemo.app */;
			productType = "com.apple.product-type.application";
		};
		7350EECE1EB8111200321AF7 /* SelectedImageDemoTests */ = {
			isa = PBXNativeTarget;
			buildConfigurationList = 7350EEE61EB8111200321AF7 /* Build configuration list for PBXNativeTarget "SelectedImageDemoTests" */;
			buildPhases = (
				7350EECB1EB8111200321AF7 /* Sources */,
				7350EECC1EB8111200321AF7 /* Frameworks */,
				7350EECD1EB8111200321AF7 /* Resources */,
			);
			buildRules = (
			);
			dependencies = (
				7350EED11EB8111200321AF7 /* PBXTargetDependency */,
			);
			name = SelectedImageDemoTests;
			productName = SelectedImageDemoTests;
			productReference = 7350EECF1EB8111200321AF7 /* SelectedImageDemoTests.xctest */;
			productType = "com.apple.product-type.bundle.unit-test";
		};
		7350EED91EB8111200321AF7 /* SelectedImageDemoUITests */ = {
			isa = PBXNativeTarget;
			buildConfigurationList = 7350EEE91EB8111200321AF7 /* Build configuration list for PBXNativeTarget "SelectedImageDemoUITests" */;
			buildPhases = (
				7350EED61EB8111200321AF7 /* Sources */,
				7350EED71EB8111200321AF7 /* Frameworks */,
				7350EED81EB8111200321AF7 /* Resources */,
			);
			buildRules = (
			);
			dependencies = (
				7350EEDC1EB8111200321AF7 /* PBXTargetDependency */,
			);
			name = SelectedImageDemoUITests;
			productName = SelectedImageDemoUITests;
			productReference = 7350EEDA1EB8111200321AF7 /* SelectedImageDemoUITests.xctest */;
			productType = "com.apple.product-type.bundle.ui-testing";
		};
/* End PBXNativeTarget section */

/* Begin PBXProject section */
		7350EEAE1EB8111200321AF7 /* Project object */ = {
			isa = PBXProject;
			attributes = {
				LastUpgradeCheck = 0830;
				ORGANIZATIONNAME = "张金城";
				TargetAttributes = {
					7350EEB51EB8111200321AF7 = {
						CreatedOnToolsVersion = 8.3;
						DevelopmentTeam = 7BYWNXT9F3;
						ProvisioningStyle = Automatic;
					};
					7350EECE1EB8111200321AF7 = {
						CreatedOnToolsVersion = 8.3;
						DevelopmentTeam = 7BYWNXT9F3;
						ProvisioningStyle = Automatic;
						TestTargetID = 7350EEB51EB8111200321AF7;
					};
					7350EED91EB8111200321AF7 = {
						CreatedOnToolsVersion = 8.3;
						DevelopmentTeam = 7BYWNXT9F3;
						ProvisioningStyle = Automatic;
						TestTargetID = 7350EEB51EB8111200321AF7;
					};
				};
			};
			buildConfigurationList = 7350EEB11EB8111200321AF7 /* Build configuration list for PBXProject "SelectedImageDemo" */;
			compatibilityVersion = "Xcode 3.2";
			developmentRegion = English;
			hasScannedForEncodings = 0;
			knownRegions = (
				en,
				Base,
			);
			mainGroup = 7350EEAD1EB8111200321AF7;
			productRefGroup = 7350EEB71EB8111200321AF7 /* Products */;
			projectDirPath = "";
			projectRoot = "";
			targets = (
				7350EEB51EB8111200321AF7 /* SelectedImageDemo */,
				7350EECE1EB8111200321AF7 /* SelectedImageDemoTests */,
				7350EED91EB8111200321AF7 /* SelectedImageDemoUITests */,
			);
		};
/* End PBXProject section */

/* Begin PBXResourcesBuildPhase section */
		7350EEB41EB8111200321AF7 /* Resources */ = {
			isa = PBXResourcesBuildPhase;
			buildActionMask = 2147483647;
			files = (
				7350EEC91EB8111200321AF7 /* LaunchScreen.storyboard in Resources */,
				7350EF0F1EB8114800321AF7 /* TZImagePickerController.bundle in Resources */,
				7350EEC61EB8111200321AF7 /* Assets.xcassets in Resources */,
				7350EF1B1EB8118E00321AF7 /* IndexViewController.xib in Resources */,
			);
			runOnlyForDeploymentPostprocessing = 0;
		};
		7350EECD1EB8111200321AF7 /* Resources */ = {
			isa = PBXResourcesBuildPhase;
			buildActionMask = 2147483647;
			files = (
			);
			runOnlyForDeploymentPostprocessing = 0;
		};
		7350EED81EB8111200321AF7 /* Resources */ = {
			isa = PBXResourcesBuildPhase;
			buildActionMask = 2147483647;
			files = (
			);
			runOnlyForDeploymentPostprocessing = 0;
		};
/* End PBXResourcesBuildPhase section */

/* Begin PBXSourcesBuildPhase section */
		7350EEB21EB8111200321AF7 /* Sources */ = {
			isa = PBXSourcesBuildPhase;
			buildActionMask = 2147483647;
			files = (
				7350EF0B1EB8114800321AF7 /* TZAssetModel.m in Sources */,
				7350EF091EB8114800321AF7 /* NSBundle+TZImagePicker.m in Sources */,
				7350EF0A1EB8114800321AF7 /* TZAssetCell.m in Sources */,
				7350EF111EB8114800321AF7 /* TZPhotoPickerController.m in Sources */,
				7350EF0E1EB8114800321AF7 /* TZImageManager.m in Sources */,
				7350EEBE1EB8111200321AF7 /* AppDelegate.m in Sources */,
				7350EF0C1EB8114800321AF7 /* TZGifPhotoPreviewController.m in Sources */,
				7350EF1A1EB8118E00321AF7 /* IndexViewController.m in Sources */,
				7350EEBB1EB8111200321AF7 /* main.m in Sources */,
				7350EF141EB8114800321AF7 /* TZProgressView.m in Sources */,
				7350EF121EB8114800321AF7 /* TZPhotoPreviewCell.m in Sources */,
				7350EF0D1EB8114800321AF7 /* TZImageCropManager.m in Sources */,
				7350EF161EB8114800321AF7 /* UIView+Layout.m in Sources */,
				7350EF131EB8114800321AF7 /* TZPhotoPreviewController.m in Sources */,
				7350EF101EB8114800321AF7 /* TZImagePickerController.m in Sources */,
				7350EF151EB8114800321AF7 /* TZVideoPlayerController.m in Sources */,
			);
			runOnlyForDeploymentPostprocessing = 0;
		};
		7350EECB1EB8111200321AF7 /* Sources */ = {
			isa = PBXSourcesBuildPhase;
			buildActionMask = 2147483647;
			files = (
				7350EED41EB8111200321AF7 /* SelectedImageDemoTests.m in Sources */,
			);
			runOnlyForDeploymentPostprocessing = 0;
		};
		7350EED61EB8111200321AF7 /* Sources */ = {
			isa = PBXSourcesBuildPhase;
			buildActionMask = 2147483647;
			files = (
				7350EEDF1EB8111200321AF7 /* SelectedImageDemoUITests.m in Sources */,
			);
			runOnlyForDeploymentPostprocessing = 0;
		};
/* End PBXSourcesBuildPhase section */

/* Begin PBXTargetDependency section */
		7350EED11EB8111200321AF7 /* PBXTargetDependency */ = {
			isa = PBXTargetDependency;
			target = 7350EEB51EB8111200321AF7 /* SelectedImageDemo */;
			targetProxy = 7350EED01EB8111200321AF7 /* PBXContainerItemProxy */;
		};
		7350EEDC1EB8111200321AF7 /* PBXTargetDependency */ = {
			isa = PBXTargetDependency;
			target = 7350EEB51EB8111200321AF7 /* SelectedImageDemo */;
			targetProxy = 7350EEDB1EB8111200321AF7 /* PBXContainerItemProxy */;
		};
/* End PBXTargetDependency section */

/* Begin PBXVariantGroup section */
		7350EEC71EB8111200321AF7 /* LaunchScreen.storyboard */ = {
			isa = PBXVariantGroup;
			children = (
				7350EEC81EB8111200321AF7 /* Base */,
			);
			name = LaunchScreen.storyboard;
			sourceTree = "<group>";
		};
/* End PBXVariantGroup section */

/* Begin XCBuildConfiguration section */
		7350EEE11EB8111200321AF7 /* Debug */ = {
			isa = XCBuildConfiguration;
			buildSettings = {
				ALWAYS_SEARCH_USER_PATHS = NO;
				CLANG_ANALYZER_NONNULL = YES;
				CLANG_ANALYZER_NUMBER_OBJECT_CONVERSION = YES_AGGRESSIVE;
				CLANG_CXX_LANGUAGE_STANDARD = "gnu++0x";
				CLANG_CXX_LIBRARY = "libc++";
				CLANG_ENABLE_MODULES = YES;
				CLANG_ENABLE_OBJC_ARC = YES;
				CLANG_WARN_BOOL_CONVERSION = YES;
				CLANG_WARN_CONSTANT_CONVERSION = YES;
				CLANG_WARN_DIRECT_OBJC_ISA_USAGE = YES_ERROR;
				CLANG_WARN_DOCUMENTATION_COMMENTS = YES;
				CLANG_WARN_EMPTY_BODY = YES;
				CLANG_WARN_ENUM_CONVERSION = YES;
				CLANG_WARN_INFINITE_RECURSION = YES;
				CLANG_WARN_INT_CONVERSION = YES;
				CLANG_WARN_OBJC_ROOT_CLASS = YES_ERROR;
				CLANG_WARN_SUSPICIOUS_MOVE = YES;
				CLANG_WARN_UNREACHABLE_CODE = YES;
				CLANG_WARN__DUPLICATE_METHOD_MATCH = YES;
				"CODE_SIGN_IDENTITY[sdk=iphoneos*]" = "iPhone Developer";
				COPY_PHASE_STRIP = NO;
				DEBUG_INFORMATION_FORMAT = dwarf;
				ENABLE_STRICT_OBJC_MSGSEND = YES;
				ENABLE_TESTABILITY = YES;
				GCC_C_LANGUAGE_STANDARD = gnu99;
				GCC_DYNAMIC_NO_PIC = NO;
				GCC_NO_COMMON_BLOCKS = YES;
				GCC_OPTIMIZATION_LEVEL = 0;
				GCC_PREPROCESSOR_DEFINITIONS = (
					"DEBUG=1",
					"$(inherited)",
				);
				GCC_WARN_64_TO_32_BIT_CONVERSION = YES;
				GCC_WARN_ABOUT_RETURN_TYPE = YES_ERROR;
				GCC_WARN_UNDECLARED_SELECTOR = YES;
				GCC_WARN_UNINITIALIZED_AUTOS = YES_AGGRESSIVE;
				GCC_WARN_UNUSED_FUNCTION = YES;
				GCC_WARN_UNUSED_VARIABLE = YES;
				IPHONEOS_DEPLOYMENT_TARGET = 10.3;
				MTL_ENABLE_DEBUG_INFO = YES;
				ONLY_ACTIVE_ARCH = YES;
				SDKROOT = iphoneos;
			};
			name = Debug;
		};
		7350EEE21EB8111200321AF7 /* Release */ = {
			isa = XCBuildConfiguration;
			buildSettings = {
				ALWAYS_SEARCH_USER_PATHS = NO;
				CLANG_ANALYZER_NONNULL = YES;
				CLANG_ANALYZER_NUMBER_OBJECT_CONVERSION = YES_AGGRESSIVE;
				CLANG_CXX_LANGUAGE_STANDARD = "gnu++0x";
				CLANG_CXX_LIBRARY = "libc++";
				CLANG_ENABLE_MODULES = YES;
				CLANG_ENABLE_OBJC_ARC = YES;
				CLANG_WARN_BOOL_CONVERSION = YES;
				CLANG_WARN_CONSTANT_CONVERSION = YES;
				CLANG_WARN_DIRECT_OBJC_ISA_USAGE = YES_ERROR;
				CLANG_WARN_DOCUMENTATION_COMMENTS = YES;
				CLANG_WARN_EMPTY_BODY = YES;
				CLANG_WARN_ENUM_CONVERSION = YES;
				CLANG_WARN_INFINITE_RECURSION = YES;
				CLANG_WARN_INT_CONVERSION = YES;
				CLANG_WARN_OBJC_ROOT_CLASS = YES_ERROR;
				CLANG_WARN_SUSPICIOUS_MOVE = YES;
				CLANG_WARN_UNREACHABLE_CODE = YES;
				CLANG_WARN__DUPLICATE_METHOD_MATCH = YES;
				"CODE_SIGN_IDENTITY[sdk=iphoneos*]" = "iPhone Developer";
				COPY_PHASE_STRIP = NO;
				DEBUG_INFORMATION_FORMAT = "dwarf-with-dsym";
				ENABLE_NS_ASSERTIONS = NO;
				ENABLE_STRICT_OBJC_MSGSEND = YES;
				GCC_C_LANGUAGE_STANDARD = gnu99;
				GCC_NO_COMMON_BLOCKS = YES;
				GCC_WARN_64_TO_32_BIT_CONVERSION = YES;
				GCC_WARN_ABOUT_RETURN_TYPE = YES_ERROR;
				GCC_WARN_UNDECLARED_SELECTOR = YES;
				GCC_WARN_UNINITIALIZED_AUTOS = YES_AGGRESSIVE;
				GCC_WARN_UNUSED_FUNCTION = YES;
				GCC_WARN_UNUSED_VARIABLE = YES;
				IPHONEOS_DEPLOYMENT_TARGET = 10.3;
				MTL_ENABLE_DEBUG_INFO = NO;
				SDKROOT = iphoneos;
				VALIDATE_PRODUCT = YES;
			};
			name = Release;
		};
		7350EEE41EB8111200321AF7 /* Debug */ = {
			isa = XCBuildConfiguration;
			buildSettings = {
				ASSETCATALOG_COMPILER_APPICON_NAME = AppIcon;
				"CODE_SIGN_IDENTITY[sdk=iphoneos*]" = "iPhone Developer";
				DEVELOPMENT_TEAM = 7BYWNXT9F3;
				INFOPLIST_FILE = SelectedImageDemo/Info.plist;
				LD_RUNPATH_SEARCH_PATHS = "$(inherited) @executable_path/Frameworks";
				PRODUCT_BUNDLE_IDENTIFIER = com.aaa.SelectedImageDemo;
				PRODUCT_NAME = "$(TARGET_NAME)";
				PROVISIONING_PROFILE_SPECIFIER = "";
			};
			name = Debug;
		};
		7350EEE51EB8111200321AF7 /* Release */ = {
			isa = XCBuildConfiguration;
			buildSettings = {
				ASSETCATALOG_COMPILER_APPICON_NAME = AppIcon;
				CODE_SIGN_IDENTITY = "iPhone Developer: 祥 张 (93S23L8CFP)";
				"CODE_SIGN_IDENTITY[sdk=iphoneos*]" = "iPhone Developer";
				DEVELOPMENT_TEAM = 7BYWNXT9F3;
				INFOPLIST_FILE = SelectedImageDemo/Info.plist;
				LD_RUNPATH_SEARCH_PATHS = "$(inherited) @executable_path/Frameworks";
				PRODUCT_BUNDLE_IDENTIFIER = com.aaa.SelectedImageDemo;
				PRODUCT_NAME = "$(TARGET_NAME)";
				PROVISIONING_PROFILE_SPECIFIER = "";
			};
			name = Release;
		};
		7350EEE71EB8111200321AF7 /* Debug */ = {
			isa = XCBuildConfiguration;
			buildSettings = {
				BUNDLE_LOADER = "$(TEST_HOST)";
				DEVELOPMENT_TEAM = 7BYWNXT9F3;
				INFOPLIST_FILE = SelectedImageDemoTests/Info.plist;
				LD_RUNPATH_SEARCH_PATHS = "$(inherited) @executable_path/Frameworks @loader_path/Frameworks";
				PRODUCT_BUNDLE_IDENTIFIER = com.aaa.SelectedImageDemoTests;
				PRODUCT_NAME = "$(TARGET_NAME)";
				TEST_HOST = "$(BUILT_PRODUCTS_DIR)/SelectedImageDemo.app/SelectedImageDemo";
			};
			name = Debug;
		};
		7350EEE81EB8111200321AF7 /* Release */ = {
			isa = XCBuildConfiguration;
			buildSettings = {
				BUNDLE_LOADER = "$(TEST_HOST)";
				DEVELOPMENT_TEAM = 7BYWNXT9F3;
				INFOPLIST_FILE = SelectedImageDemoTests/Info.plist;
				LD_RUNPATH_SEARCH_PATHS = "$(inherited) @executable_path/Frameworks @loader_path/Frameworks";
				PRODUCT_BUNDLE_IDENTIFIER = com.aaa.SelectedImageDemoTests;
				PRODUCT_NAME = "$(TARGET_NAME)";
				TEST_HOST = "$(BUILT_PRODUCTS_DIR)/SelectedImageDemo.app/SelectedImageDemo";
			};
			name = Release;
		};
		7350EEEA1EB8111200321AF7 /* Debug */ = {
			isa = XCBuildConfiguration;
			buildSettings = {
				DEVELOPMENT_TEAM = 7BYWNXT9F3;
				INFOPLIST_FILE = SelectedImageDemoUITests/Info.plist;
				LD_RUNPATH_SEARCH_PATHS = "$(inherited) @executable_path/Frameworks @loader_path/Frameworks";
				PRODUCT_BUNDLE_IDENTIFIER = com.aaa.SelectedImageDemoUITests;
				PRODUCT_NAME = "$(TARGET_NAME)";
				TEST_TARGET_NAME = SelectedImageDemo;
			};
			name = Debug;
		};
		7350EEEB1EB8111200321AF7 /* Release */ = {
			isa = XCBuildConfiguration;
			buildSettings = {
				DEVELOPMENT_TEAM = 7BYWNXT9F3;
				INFOPLIST_FILE = SelectedImageDemoUITests/Info.plist;
				LD_RUNPATH_SEARCH_PATHS = "$(inherited) @executable_path/Frameworks @loader_path/Frameworks";
				PRODUCT_BUNDLE_IDENTIFIER = com.aaa.SelectedImageDemoUITests;
				PRODUCT_NAME = "$(TARGET_NAME)";
				TEST_TARGET_NAME = SelectedImageDemo;
			};
			name = Release;
		};
/* End XCBuildConfiguration section */

/* Begin XCConfigurationList section */
		7350EEB11EB8111200321AF7 /* Build configuration list for PBXProject "SelectedImageDemo" */ = {
			isa = XCConfigurationList;
			buildConfigurations = (
				7350EEE11EB8111200321AF7 /* Debug */,
				7350EEE21EB8111200321AF7 /* Release */,
			);
			defaultConfigurationIsVisible = 0;
			defaultConfigurationName = Release;
		};
		7350EEE31EB8111200321AF7 /* Build configuration list for PBXNativeTarget "SelectedImageDemo" */ = {
			isa = XCConfigurationList;
			buildConfigurations = (
				7350EEE41EB8111200321AF7 /* Debug */,
				7350EEE51EB8111200321AF7 /* Release */,
			);
			defaultConfigurationIsVisible = 0;
			defaultConfigurationName = Release;
		};
		7350EEE61EB8111200321AF7 /* Build configuration list for PBXNativeTarget "SelectedImageDemoTests" */ = {
			isa = XCConfigurationList;
			buildConfigurations = (
				7350EEE71EB8111200321AF7 /* Debug */,
				7350EEE81EB8111200321AF7 /* Release */,
			);
			defaultConfigurationIsVisible = 0;
			defaultConfigurationName = Release;
		};
		7350EEE91EB8111200321AF7 /* Build configuration list for PBXNativeTarget "SelectedImageDemoUITests" */ = {
			isa = XCConfigurationList;
			buildConfigurations = (
				7350EEEA1EB8111200321AF7 /* Debug */,
				7350EEEB1EB8111200321AF7 /* Release */,
			);
			defaultConfigurationIsVisible = 0;
			defaultConfigurationName = Release;
		};
/* End XCConfigurationList section */
	};
	rootObject = 7350EEAE1EB8111200321AF7 /* Project object */;
}
